# THIS IS AN AUTOGENERATED FILE. DO NOT EDIT THIS FILE DIRECTLY.
# yarn lockfile v1


"@yarnpkg/lockfile@1.1.0":
  version "1.1.0"
  resolved "https://registry.yarnpkg.com/@yarnpkg/lockfile/-/lockfile-1.1.0.tgz#e77a97fbd345b76d83245edcd17d393b1b41fb31"
  integrity sha512-GpSwvyXOcOOlV70vbnzjj4fW5xW/FdUF6nQEt1ENy7m4ZCczi1+/buVUPAqmGfqznsORNFzUMjctTIp8a9tuCQ==

lru-cache@^6.0.0:
  version "6.0.0"
  resolved "https://registry.yarnpkg.com/lru-cache/-/lru-cache-6.0.0.tgz#6d6fe6570ebd96aaf90fcad1dafa3b2566db3a94"
  integrity sha512-Jo6dJ04CmSjuznwJSS3pUeWmd/H0ffTlkXXgwZi+eq1UCmqQwCh+eLsYOYCwY991i2Fah4h1BEMCx4qThGbsiA==
  dependencies:
    yallist "^4.0.0"

mock-fs@^4.12.0:
  version "4.14.0"
  resolved "https://registry.yarnpkg.com/mock-fs/-/mock-fs-4.14.0.tgz#ce5124d2c601421255985e6e94da80a7357b1b18"
  integrity sha512-qYvlv/exQ4+svI3UOvPUpLDF0OMX5euvUH0Ny4N5QyRyhNdgAgUrVH3iUINSzEPLvx0kbo/Bp28GJKIqvE7URw==

prettier@2.3.2:
  version "2.3.2"
  resolved "https://registry.yarnpkg.com/prettier/-/prettier-2.3.2.tgz#ef280a05ec253712e486233db5c6f23441e7342d"
  integrity sha512-lnJzDfJ66zkMy58OL5/NY5zp70S7Nz6KqcKkXYzn2tMVrNxvbqaBpg7H3qHaLxCJ5lNMsGuM8+ohS7cZrthdLQ==

semver@^7.3.2:
  version "7.3.5"
  resolved "https://registry.yarnpkg.com/semver/-/semver-7.3.5.tgz#0b621c879348d8998e4b0e4be94b3f12e6018ef7"
  integrity sha512-PoeGJYh8HK4BTO/a9Tf6ZG3veo/A7ZVsYrSA6J8ny9nb3B1VrpkuN+z9OE5wfE5p6H4LchYZsegiQgbJD94ZFQ==
  dependencies:
    lru-cache "^6.0.0"

snyk@^1.1064.0:
  version "1.1064.0"
  resolved "https://registry.yarnpkg.com/snyk/-/snyk-1.1064.0.tgz#e73b3a1aff585f6266f73ddd498c5cfd5e67aff0"
  integrity sha512-f9mNO5rUc5nVVZ1sN+do2i5/RGHKlOQoNk5HiEO9WkPEn2pFllJv2XAw5Bn7sFj1eLXNFVUOUlo6SVqGnX7lXw==

yallist@^4.0.0:
  version "4.0.0"
  resolved "https://registry.yarnpkg.com/yallist/-/yallist-4.0.0.tgz#9bb92790d9c0effec63be73519e11a35019a3a72"
  integrity sha512-3wdGidZyq5PB084XLES5TpOSRA3wjXAlIWMhum2kRcv/41Sn2emQ0dycQW4uZXLejwKvg6EsvbdlVL+FYEct7A==

yarn-minify@^1.0.1:
  version "1.0.1"
  resolved "https://registry.yarnpkg.com/yarn-minify/-/yarn-minify-1.0.1.tgz#438494693954e4ca9a1fec5298206dbcf99c9920"
  integrity sha512-TEjlwf0SSJXrmgHI4SikJ/QcLDz+MaEZxZF2Gu+s0iqD7zZvtoWLwc0ZoQfYfApwE4WC72sWmKII7MQlGjeZ+A==
  dependencies:
    "@yarnpkg/lockfile" "1.1.0"
    mock-fs "^4.12.0"
    semver "^7.3.2"
